
Microsoft Visual Studio Solution File, Format Version 12.00
# Visual Studio Version 17
VisualStudioVersion = 17.6.33815.320
MinimumVisualStudioVersion = 10.0.40219.1
Project("{FAE04EC0-301F-11D3-BF4B-00C04F79EFBC}") = "crudApi-L2.0", "crudApi-L2.0\crudApi-L2.0.csproj", "{F910CDB7-F191-4B09-A829-26034804726A}"
EndProject
Global
	GlobalSection(SolutionConfigurationPlatforms) = preSolution
		Debug|Any CPU = Debug|Any CPU
		Release|Any CPU = Release|Any CPU
	EndGlobalSection
	GlobalSection(ProjectConfigurationPlatforms) = postSolution
		{F910CDB7-F191-4B09-A829-26034804726A}.Debug|Any CPU.ActiveCfg = Debug|Any CPU
		{F910CDB7-F191-4B09-A829-26034804726A}.Debug|Any CPU.Build.0 = Debug|Any CPU
		{F910CDB7-F191-4B09-A829-26034804726A}.Release|Any CPU.ActiveCfg = Release|Any CPU
		{F910CDB7-F191-4B09-A829-26034804726A}.Release|Any CPU.Build.0 = Release|Any CPU
	EndGlobalSection
	GlobalSection(SolutionProperties) = preSolution
		HideSolutionNode = FALSE
	EndGlobalSection
	GlobalSection(ExtensibilityGlobals) = postSolution
		SolutionGuid = {AF9DF514-D7CB-4A79-9B56-1B2D5FB73340}
	EndGlobalSection
EndGlobal
